
Microsoft Visual Studio Solution File, Format Version 12.00
# Visual Studio Version 17
VisualStudioVersion = 17.5.33424.131
MinimumVisualStudioVersion = 10.0.40219.1
Project("{2150E333-8FDC-42A3-9474-1A3956D46DE8}") = ".Solution Items", ".Solution Items", "{D70C2956-1138-4184-B663-3B55ADB274C8}"
	ProjectSection(SolutionItems) = preProject
		LICENSE.md = LICENSE.md
		README.md = README.md
	EndProjectSection
EndProject
Project("{2150E333-8FDC-42A3-9474-1A3956D46DE8}") = "Github", "Github", "{AD305016-36C6-483A-9751-750A7A6EC175}"
	ProjectSection(SolutionItems) = preProject
		.github\CODEOWNERS = .github\CODEOWNERS
		.github\FUNDING.yml = .github\FUNDING.yml
	EndProjectSection
EndProject
Project("{2150E333-8FDC-42A3-9474-1A3956D46DE8}") = "Issue Templates", "Issue Templates", "{73595B69-2048-459D-AE1B-1A002188D61E}"
	ProjectSection(SolutionItems) = preProject
		.github\ISSUE_TEMPLATE\bug_report.md = .github\ISSUE_TEMPLATE\bug_report.md
		.github\ISSUE_TEMPLATE\feature_request.md = .github\ISSUE_TEMPLATE\feature_request.md
	EndProjectSection
EndProject
Project("{2150E333-8FDC-42A3-9474-1A3956D46DE8}") = "Workflows", "Workflows", "{2D2935BA-9255-4814-8207-E4C6FCBE8763}"
	ProjectSection(SolutionItems) = preProject
		.github\workflows\Publish-Nuget.yml = .github\workflows\Publish-Nuget.yml
	EndProjectSection
EndProject
Project("{2150E333-8FDC-42A3-9474-1A3956D46DE8}") = "Git", "Git", "{31CD998F-EE92-4B15-9FF5-EE1A0CBEEDB7}"
	ProjectSection(SolutionItems) = preProject
		.gitattributes = .gitattributes
		.gitignore = .gitignore
	EndProjectSection
EndProject
Project("{9A19103F-16F7-4668-BE54-9A1E7A4F7556}") = "OpenAI-DotNet", "src\OpenAI-DotNet\OpenAI-DotNet.csproj", "{4510F132-FA6D-42A3-991F-DE6C2D862293}"
EndProject
Project("{9A19103F-16F7-4668-BE54-9A1E7A4F7556}") = "OpenAI-DotNet-Proxy", "src\OpenAI-DotNet-Proxy\OpenAI-DotNet-Proxy.csproj", "{F7C10184-895E-48B9-8A21-3B8817701614}"
EndProject
Project("{9A19103F-16F7-4668-BE54-9A1E7A4F7556}") = "OpenAI-DotNet-Tests", "tests\OpenAI-DotNet-Tests\OpenAI-DotNet-Tests.csproj", "{1DE674CB-A4E7-44F2-BC8D-286EECFDC698}"
EndProject
Project("{9A19103F-16F7-4668-BE54-9A1E7A4F7556}") = "OpenAI-DotNet-Tests-Proxy", "tests\OpenAI-DotNet-Tests-Proxy\OpenAI-DotNet-Tests-Proxy.csproj", "{38E68580-CF75-4B21-B74B-67AB7B5098D8}"
EndProject
Global
	GlobalSection(SolutionConfigurationPlatforms) = preSolution
		Debug|Any CPU = Debug|Any CPU
		Release|Any CPU = Release|Any CPU
	EndGlobalSection
	GlobalSection(ProjectConfigurationPlatforms) = postSolution
		{4510F132-FA6D-42A3-991F-DE6C2D862293}.Debug|Any CPU.ActiveCfg = Debug|Any CPU
		{4510F132-FA6D-42A3-991F-DE6C2D862293}.Debug|Any CPU.Build.0 = Debug|Any CPU
		{4510F132-FA6D-42A3-991F-DE6C2D862293}.Release|Any CPU.ActiveCfg = Release|Any CPU
		{4510F132-FA6D-42A3-991F-DE6C2D862293}.Release|Any CPU.Build.0 = Release|Any CPU
		{F7C10184-895E-48B9-8A21-3B8817701614}.Debug|Any CPU.ActiveCfg = Debug|Any CPU
		{F7C10184-895E-48B9-8A21-3B8817701614}.Debug|Any CPU.Build.0 = Debug|Any CPU
		{F7C10184-895E-48B9-8A21-3B8817701614}.Release|Any CPU.ActiveCfg = Release|Any CPU
		{F7C10184-895E-48B9-8A21-3B8817701614}.Release|Any CPU.Build.0 = Release|Any CPU
		{1DE674CB-A4E7-44F2-BC8D-286EECFDC698}.Debug|Any CPU.ActiveCfg = Debug|Any CPU
		{1DE674CB-A4E7-44F2-BC8D-286EECFDC698}.Debug|Any CPU.Build.0 = Debug|Any CPU
		{1DE674CB-A4E7-44F2-BC8D-286EECFDC698}.Release|Any CPU.ActiveCfg = Release|Any CPU
		{1DE674CB-A4E7-44F2-BC8D-286EECFDC698}.Release|Any CPU.Build.0 = Release|Any CPU
		{38E68580-CF75-4B21-B74B-67AB7B5098D8}.Debug|Any CPU.ActiveCfg = Debug|Any CPU
		{38E68580-CF75-4B21-B74B-67AB7B5098D8}.Debug|Any CPU.Build.0 = Debug|Any CPU
		{38E68580-CF75-4B21-B74B-67AB7B5098D8}.Release|Any CPU.ActiveCfg = Release|Any CPU
		{38E68580-CF75-4B21-B74B-67AB7B5098D8}.Release|Any CPU.Build.0 = Release|Any CPU
	EndGlobalSection
	GlobalSection(SolutionProperties) = preSolution
		HideSolutionNode = FALSE
	EndGlobalSection
	GlobalSection(NestedProjects) = preSolution
		{AD305016-36C6-483A-9751-750A7A6EC175} = {D70C2956-1138-4184-B663-3B55ADB274C8}
		{73595B69-2048-459D-AE1B-1A002188D61E} = {AD305016-36C6-483A-9751-750A7A6EC175}
		{2D2935BA-9255-4814-8207-E4C6FCBE8763} = {AD305016-36C6-483A-9751-750A7A6EC175}
		{31CD998F-EE92-4B15-9FF5-EE1A0CBEEDB7} = {D70C2956-1138-4184-B663-3B55ADB274C8}
	EndGlobalSection
	GlobalSection(ExtensibilityGlobals) = postSolution
		SolutionGuid = {971477B1-6BBA-40CD-8B76-AEBC01D99130}
	EndGlobalSection
EndGlobal
